
Microsoft Visual Studio Solution File, Format Version 12.00
# Visual Studio Version 16
VisualStudioVersion = 16.0.29326.143
MinimumVisualStudioVersion = 10.0.40219.1
Project("{FAE04EC0-301F-11D3-BF4B-00C04F79EFBC}") = "NLH", "NLH\NLH.csproj", "{0287E293-2BCA-4A7E-AEA6-2D126810B89E}"
EndProject
Global
	GlobalSection(SolutionConfigurationPlatforms) = preSolution
		Debug|Any CPU = Debug|Any CPU
		Release|Any CPU = Release|Any CPU
	EndGlobalSection
	GlobalSection(ProjectConfigurationPlatforms) = postSolution
		{0287E293-2BCA-4A7E-AEA6-2D126810B89E}.Debug|Any CPU.ActiveCfg = Debug|Any CPU
		{0287E293-2BCA-4A7E-AEA6-2D126810B89E}.Debug|Any CPU.Build.0 = Debug|Any CPU
		{0287E293-2BCA-4A7E-AEA6-2D126810B89E}.Release|Any CPU.ActiveCfg = Release|Any CPU
		{0287E293-2BCA-4A7E-AEA6-2D126810B89E}.Release|Any CPU.Build.0 = Release|Any CPU
	EndGlobalSection
	GlobalSection(SolutionProperties) = preSolution
		HideSolutionNode = FALSE
	EndGlobalSection
	GlobalSection(ExtensibilityGlobals) = postSolution
		SolutionGuid = {AD3C32BC-5A5C-4149-895D-4FD98BFF6DD4}
	EndGlobalSection
EndGlobal
